
Microsoft Visual Studio Solution File, Format Version 12.00
# Visual Studio Version 16
VisualStudioVersion = 16.0.30907.101
MinimumVisualStudioVersion = 10.0.40219.1
Project("{FAE04EC0-301F-11D3-BF4B-00C04F79EFBC}") = "app2", "app2.csproj", "{2043F7D9-59D9-4662-B2B1-F9AECED78509}"
EndProject
Global
	GlobalSection(SolutionConfigurationPlatforms) = preSolution
		Debug|Any CPU = Debug|Any CPU
		Release|Any CPU = Release|Any CPU
	EndGlobalSection
	GlobalSection(ProjectConfigurationPlatforms) = postSolution
		{2043F7D9-59D9-4662-B2B1-F9AECED78509}.Debug|Any CPU.ActiveCfg = Debug|Any CPU
		{2043F7D9-59D9-4662-B2B1-F9AECED78509}.Debug|Any CPU.Build.0 = Debug|Any CPU
		{2043F7D9-59D9-4662-B2B1-F9AECED78509}.Release|Any CPU.ActiveCfg = Release|Any CPU
		{2043F7D9-59D9-4662-B2B1-F9AECED78509}.Release|Any CPU.Build.0 = Release|Any CPU
	EndGlobalSection
	GlobalSection(SolutionProperties) = preSolution
		HideSolutionNode = FALSE
	EndGlobalSection
	GlobalSection(ExtensibilityGlobals) = postSolution
		SolutionGuid = {15035F14-4C67-488A-BD7D-B418ED6839A5}
	EndGlobalSection
EndGlobal
